<Solution>
  <Folder Name="/src/">
    <Project Path="src/Rayonnant.Core/Rayonnant.Core.csproj" />
    <Project Path="src/Rayonnant.Shell/Rayonnant.Shell.csproj" />
  </Folder>
  <Folder Name="/src/Modules/">
    <Project Path="src/Modules/Rayonnant.Module.Dashboard/Rayonnant.Module.Dashboard.csproj" />
  </Folder>
  <Folder Name="/tests/">
    <Project Path="tests/Rayonnant.Tests/Rayonnant.Tests.csproj" />
  </Folder>
</Solution>
