
Microsoft Visual Studio Solution File, Format Version 12.00
# Visual Studio 2013
VisualStudioVersion = 12.0.31101.0
MinimumVisualStudioVersion = 10.0.40219.1
Project("{FAE04EC0-301F-11D3-BF4B-00C04F79EFBC}") = "Wise.Framework.Data", "Wise.Framework.Data\Wise.Framework.Data.csproj", "{F140AC0E-21DD-46F7-961F-8F336B9243E3}"
EndProject
Project("{FAE04EC0-301F-11D3-BF4B-00C04F79EFBC}") = "Wise.Framework.Data.NHibernate", "Wise.Framework.Data.NHibernate\Wise.Framework.Data.NHibernate.csproj", "{44D4D3A9-BB9C-4622-8226-0EF31DFA3838}"
EndProject
Project("{FAE04EC0-301F-11D3-BF4B-00C04F79EFBC}") = "Wise.Framework.DependencyInjection", "Wise.Framework.DependencyInjection\Wise.Framework.DependencyInjection.csproj", "{A5ECA12C-2CAA-4960-914C-FAB0D0FCDE57}"
EndProject
Project("{FAE04EC0-301F-11D3-BF4B-00C04F79EFBC}") = "Wise.Framework.Interface", "Wise.Framework.Interface\Wise.Framework.Interface.csproj", "{5B4E5B58-5F87-4BC4-B9BB-C9ACE5E64275}"
EndProject
Project("{FAE04EC0-301F-11D3-BF4B-00C04F79EFBC}") = "Wise.Framework.Presentation", "Wise.Framework.Presentation\Wise.Framework.Presentation.csproj", "{069E0F5D-0A61-4269-9276-B9B126ABDABF}"
EndProject
Project("{FAE04EC0-301F-11D3-BF4B-00C04F79EFBC}") = "Wise.Framework.Bootstrapping", "Wise.Framework.Bootstrapping\Wise.Framework.Bootstrapping.csproj", "{B5F13A7A-A18F-4E1A-9B74-26360EB0A90A}"
EndProject
Project("{2150E333-8FDC-42A3-9474-1A3956D46DE8}") = ".nuget", ".nuget", "{A1320B3B-1C38-418B-A5AF-FE5B96369859}"
	ProjectSection(SolutionItems) = preProject
		.nuget\NuGet.Config = .nuget\NuGet.Config
		.nuget\NuGet.exe = .nuget\NuGet.exe
		.nuget\NuGet.targets = .nuget\NuGet.targets
	EndProjectSection
EndProject
Project("{FAE04EC0-301F-11D3-BF4B-00C04F79EFBC}") = "Wise.Framework.Security", "Wise.Framework.Security\Wise.Framework.Security.csproj", "{8DEC92F9-DDD7-4639-AA26-EABEF9F7BEC4}"
EndProject
Project("{FAE04EC0-301F-11D3-BF4B-00C04F79EFBC}") = "Wise.Framework.InternalMessagning", "Wise.Framework.InternalMessagning\Wise.Framework.InternalMessagning.csproj", "{4FF17129-D1B9-41F9-9ECD-E266469F2A4F}"
EndProject
Project("{FAE04EC0-301F-11D3-BF4B-00C04F79EFBC}") = "Wise.Framework.Environment", "Wise.Framework.Environment\Wise.Framework.Environment.csproj", "{1D454EA1-C61D-4BD0-9854-28BD643742E9}"
EndProject
Project("{FAE04EC0-301F-11D3-BF4B-00C04F79EFBC}") = "Wise.Framework.HostShell", "Wise.Framework.HostShell\Wise.Framework.HostShell.csproj", "{8846F370-8168-4532-B1A4-3861B687BB99}"
	ProjectSection(ProjectDependencies) = postProject
		{F140AC0E-21DD-46F7-961F-8F336B9243E3} = {F140AC0E-21DD-46F7-961F-8F336B9243E3}
		{4FF17129-D1B9-41F9-9ECD-E266469F2A4F} = {4FF17129-D1B9-41F9-9ECD-E266469F2A4F}
		{A5ECA12C-2CAA-4960-914C-FAB0D0FCDE57} = {A5ECA12C-2CAA-4960-914C-FAB0D0FCDE57}
		{78D3D67B-3035-4227-B12A-3546F00838C4} = {78D3D67B-3035-4227-B12A-3546F00838C4}
		{1D454EA1-C61D-4BD0-9854-28BD643742E9} = {1D454EA1-C61D-4BD0-9854-28BD643742E9}
		{44D4D3A9-BB9C-4622-8226-0EF31DFA3838} = {44D4D3A9-BB9C-4622-8226-0EF31DFA3838}
		{2DEC93D2-089E-483B-BE11-91224FAF89EB} = {2DEC93D2-089E-483B-BE11-91224FAF89EB}
		{8DEC92F9-DDD7-4639-AA26-EABEF9F7BEC4} = {8DEC92F9-DDD7-4639-AA26-EABEF9F7BEC4}
	EndProjectSection
EndProject
Project("{FAE04EC0-301F-11D3-BF4B-00C04F79EFBC}") = "Wise.Framework.Presentation.Resources", "Wise.Framework.Presentation.Resources\Wise.Framework.Presentation.Resources.csproj", "{B7465DD4-1399-4AEB-ACBE-ABB141F7981F}"
EndProject
Project("{2150E333-8FDC-42A3-9474-1A3956D46DE8}") = "Testing", "Testing", "{A2A61B33-94FB-4575-96FC-EEB0CC2C2B48}"
EndProject
Project("{2150E333-8FDC-42A3-9474-1A3956D46DE8}") = "TestModules", "TestModules", "{B9E4E74E-B2E7-4325-A01A-B0AC0776A489}"
EndProject
Project("{FAE04EC0-301F-11D3-BF4B-00C04F79EFBC}") = "Wise.DummyModule", "Testing\TestModules\Wise.DummyModule\Wise.DummyModule.csproj", "{6CB233AD-ED48-46EA-9325-E92A2A60CC9B}"
EndProject
Project("{FAE04EC0-301F-11D3-BF4B-00C04F79EFBC}") = "Wise.DummyModuleTwo", "Testing\TestModules\Wise.DummyModuleTwo\Wise.DummyModuleTwo.csproj", "{E91C0F36-13DB-4D7A-A90A-0C1B860CECD7}"
EndProject
Project("{FAE04EC0-301F-11D3-BF4B-00C04F79EFBC}") = "Wise.Framework.WindowsServiceController", "Wise.Framework.WindowsServiceController\Wise.Framework.WindowsServiceController.csproj", "{0F741B28-0C1B-4E53-8D78-848138096765}"
EndProject
Project("{2150E333-8FDC-42A3-9474-1A3956D46DE8}") = "WindowsService", "WindowsService", "{6D2C830C-24FA-4181-A9DF-C58AA622F4C9}"
EndProject
Project("{FAE04EC0-301F-11D3-BF4B-00C04F79EFBC}") = "Wise.WindowsService.Test", "Testing\WindowsService\Wise.WindowsService.Test\Wise.WindowsService.Test.csproj", "{DD5B882C-EB90-4154-A8DB-A8987426FA05}"
EndProject
Project("{2150E333-8FDC-42A3-9474-1A3956D46DE8}") = "Presentation", "Presentation", "{C6AE198D-EEBA-4321-80AF-1E0B439F2950}"
EndProject
Project("{2150E333-8FDC-42A3-9474-1A3956D46DE8}") = "Data", "Data", "{02CDCB19-1D71-45BA-B6E7-115FC70DD86D}"
EndProject
Project("{2150E333-8FDC-42A3-9474-1A3956D46DE8}") = "MVC", "MVC", "{32079C56-351E-47E9-987F-AC202840144B}"
EndProject
Project("{FAE04EC0-301F-11D3-BF4B-00C04F79EFBC}") = "Wise.Framework.Web", "Wise.Framework.Web\Wise.Framework.Web.csproj", "{616C35F7-9D88-48A6-AF2C-47250C41CC1F}"
EndProject
Project("{2150E333-8FDC-42A3-9474-1A3956D46DE8}") = "Tools", "Tools", "{72BED8E3-53D1-4A74-BFBA-D4580B0F0FA9}"
	ProjectSection(SolutionItems) = preProject
		Tools\Wise.IconsConverter.exe = Tools\Wise.IconsConverter.exe
	EndProjectSection
EndProject
Project("{2150E333-8FDC-42A3-9474-1A3956D46DE8}") = "Modules", "Modules", "{AE4F96BD-1B65-4CD4-8B66-687ACAAD2B69}"
EndProject
Project("{FAE04EC0-301F-11D3-BF4B-00C04F79EFBC}") = "Wise.Framework.SecurityModule", "Modules\Wise.Framework.SecurityModule\Wise.Framework.SecurityModule.csproj", "{7A43A224-0713-4920-9FDE-5337E1326D16}"
EndProject
Project("{FAE04EC0-301F-11D3-BF4B-00C04F79EFBC}") = "Wise.Framework.Commons", "Wise.Framework.Commons\Wise.Framework.Commons.csproj", "{BBBEEA89-6FDC-4882-A0D4-3E583F35680C}"
EndProject
Project("{FAE04EC0-301F-11D3-BF4B-00C04F79EFBC}") = "Wise.MVC.TestApplication", "Testing\MVC\Wise.MVC.TestApplication\Wise.MVC.TestApplication.csproj", "{4849ACB2-750F-4313-B342-C35CD9394044}"
EndProject
Project("{FAE04EC0-301F-11D3-BF4B-00C04F79EFBC}") = "Wise.Framework.Data.Tests", "Testing\Data\Wise.Framework.Data.Tests\Wise.Framework.Data.Tests.csproj", "{78D3D67B-3035-4227-B12A-3546F00838C4}"
EndProject
Project("{FAE04EC0-301F-11D3-BF4B-00C04F79EFBC}") = "Wise.Framework.Data.Tests.Integration", "Testing\Data\Wise.Framework.Data.Tests.Integration\Wise.Framework.Data.Tests.Integration.csproj", "{2DEC93D2-089E-483B-BE11-91224FAF89EB}"
EndProject
Project("{FAE04EC0-301F-11D3-BF4B-00C04F79EFBC}") = "Wise.Framework.Presentation.Tests", "Testing\Presentation\Wise.Framework.Presentation.Tests\Wise.Framework.Presentation.Tests.csproj", "{5F1A167F-37E6-46DB-AF3E-D9A70D212FB6}"
EndProject
Global
	GlobalSection(SolutionConfigurationPlatforms) = preSolution
		Debug|Any CPU = Debug|Any CPU
		Release|Any CPU = Release|Any CPU
	EndGlobalSection
	GlobalSection(ProjectConfigurationPlatforms) = postSolution
		{F140AC0E-21DD-46F7-961F-8F336B9243E3}.Debug|Any CPU.ActiveCfg = Debug|Any CPU
		{F140AC0E-21DD-46F7-961F-8F336B9243E3}.Debug|Any CPU.Build.0 = Debug|Any CPU
		{F140AC0E-21DD-46F7-961F-8F336B9243E3}.Release|Any CPU.ActiveCfg = Release|Any CPU
		{F140AC0E-21DD-46F7-961F-8F336B9243E3}.Release|Any CPU.Build.0 = Release|Any CPU
		{44D4D3A9-BB9C-4622-8226-0EF31DFA3838}.Debug|Any CPU.ActiveCfg = Debug|Any CPU
		{44D4D3A9-BB9C-4622-8226-0EF31DFA3838}.Debug|Any CPU.Build.0 = Debug|Any CPU
		{44D4D3A9-BB9C-4622-8226-0EF31DFA3838}.Release|Any CPU.ActiveCfg = Release|Any CPU
		{44D4D3A9-BB9C-4622-8226-0EF31DFA3838}.Release|Any CPU.Build.0 = Release|Any CPU
		{A5ECA12C-2CAA-4960-914C-FAB0D0FCDE57}.Debug|Any CPU.ActiveCfg = Debug|Any CPU
		{A5ECA12C-2CAA-4960-914C-FAB0D0FCDE57}.Debug|Any CPU.Build.0 = Debug|Any CPU
		{A5ECA12C-2CAA-4960-914C-FAB0D0FCDE57}.Release|Any CPU.ActiveCfg = Release|Any CPU
		{A5ECA12C-2CAA-4960-914C-FAB0D0FCDE57}.Release|Any CPU.Build.0 = Release|Any CPU
		{5B4E5B58-5F87-4BC4-B9BB-C9ACE5E64275}.Debug|Any CPU.ActiveCfg = Debug|Any CPU
		{5B4E5B58-5F87-4BC4-B9BB-C9ACE5E64275}.Debug|Any CPU.Build.0 = Debug|Any CPU
		{5B4E5B58-5F87-4BC4-B9BB-C9ACE5E64275}.Release|Any CPU.ActiveCfg = Release|Any CPU
		{5B4E5B58-5F87-4BC4-B9BB-C9ACE5E64275}.Release|Any CPU.Build.0 = Release|Any CPU
		{069E0F5D-0A61-4269-9276-B9B126ABDABF}.Debug|Any CPU.ActiveCfg = Debug|Any CPU
		{069E0F5D-0A61-4269-9276-B9B126ABDABF}.Debug|Any CPU.Build.0 = Debug|Any CPU
		{069E0F5D-0A61-4269-9276-B9B126ABDABF}.Release|Any CPU.ActiveCfg = Release|Any CPU
		{069E0F5D-0A61-4269-9276-B9B126ABDABF}.Release|Any CPU.Build.0 = Release|Any CPU
		{B5F13A7A-A18F-4E1A-9B74-26360EB0A90A}.Debug|Any CPU.ActiveCfg = Debug|Any CPU
		{B5F13A7A-A18F-4E1A-9B74-26360EB0A90A}.Debug|Any CPU.Build.0 = Debug|Any CPU
		{B5F13A7A-A18F-4E1A-9B74-26360EB0A90A}.Release|Any CPU.ActiveCfg = Release|Any CPU
		{B5F13A7A-A18F-4E1A-9B74-26360EB0A90A}.Release|Any CPU.Build.0 = Release|Any CPU
		{8DEC92F9-DDD7-4639-AA26-EABEF9F7BEC4}.Debug|Any CPU.ActiveCfg = Debug|Any CPU
		{8DEC92F9-DDD7-4639-AA26-EABEF9F7BEC4}.Debug|Any CPU.Build.0 = Debug|Any CPU
		{8DEC92F9-DDD7-4639-AA26-EABEF9F7BEC4}.Release|Any CPU.ActiveCfg = Release|Any CPU
		{8DEC92F9-DDD7-4639-AA26-EABEF9F7BEC4}.Release|Any CPU.Build.0 = Release|Any CPU
		{4FF17129-D1B9-41F9-9ECD-E266469F2A4F}.Debug|Any CPU.ActiveCfg = Debug|Any CPU
		{4FF17129-D1B9-41F9-9ECD-E266469F2A4F}.Debug|Any CPU.Build.0 = Debug|Any CPU
		{4FF17129-D1B9-41F9-9ECD-E266469F2A4F}.Release|Any CPU.ActiveCfg = Release|Any CPU
		{4FF17129-D1B9-41F9-9ECD-E266469F2A4F}.Release|Any CPU.Build.0 = Release|Any CPU
		{1D454EA1-C61D-4BD0-9854-28BD643742E9}.Debug|Any CPU.ActiveCfg = Debug|Any CPU
		{1D454EA1-C61D-4BD0-9854-28BD643742E9}.Debug|Any CPU.Build.0 = Debug|Any CPU
		{1D454EA1-C61D-4BD0-9854-28BD643742E9}.Release|Any CPU.ActiveCfg = Release|Any CPU
		{1D454EA1-C61D-4BD0-9854-28BD643742E9}.Release|Any CPU.Build.0 = Release|Any CPU
		{8846F370-8168-4532-B1A4-3861B687BB99}.Debug|Any CPU.ActiveCfg = Debug|Any CPU
		{8846F370-8168-4532-B1A4-3861B687BB99}.Debug|Any CPU.Build.0 = Debug|Any CPU
		{8846F370-8168-4532-B1A4-3861B687BB99}.Release|Any CPU.ActiveCfg = Release|Any CPU
		{8846F370-8168-4532-B1A4-3861B687BB99}.Release|Any CPU.Build.0 = Release|Any CPU
		{8846F370-8168-4532-B1A4-3861B687BB99}.Release|Any CPU.Deploy.0 = Release|Any CPU
		{B7465DD4-1399-4AEB-ACBE-ABB141F7981F}.Debug|Any CPU.ActiveCfg = Debug|Any CPU
		{B7465DD4-1399-4AEB-ACBE-ABB141F7981F}.Debug|Any CPU.Build.0 = Debug|Any CPU
		{B7465DD4-1399-4AEB-ACBE-ABB141F7981F}.Release|Any CPU.ActiveCfg = Release|Any CPU
		{B7465DD4-1399-4AEB-ACBE-ABB141F7981F}.Release|Any CPU.Build.0 = Release|Any CPU
		{6CB233AD-ED48-46EA-9325-E92A2A60CC9B}.Debug|Any CPU.ActiveCfg = Debug|Any CPU
		{6CB233AD-ED48-46EA-9325-E92A2A60CC9B}.Debug|Any CPU.Build.0 = Debug|Any CPU
		{6CB233AD-ED48-46EA-9325-E92A2A60CC9B}.Release|Any CPU.ActiveCfg = Release|Any CPU
		{E91C0F36-13DB-4D7A-A90A-0C1B860CECD7}.Debug|Any CPU.ActiveCfg = Debug|Any CPU
		{E91C0F36-13DB-4D7A-A90A-0C1B860CECD7}.Debug|Any CPU.Build.0 = Debug|Any CPU
		{E91C0F36-13DB-4D7A-A90A-0C1B860CECD7}.Release|Any CPU.ActiveCfg = Release|Any CPU
		{0F741B28-0C1B-4E53-8D78-848138096765}.Debug|Any CPU.ActiveCfg = Debug|Any CPU
		{0F741B28-0C1B-4E53-8D78-848138096765}.Debug|Any CPU.Build.0 = Debug|Any CPU
		{0F741B28-0C1B-4E53-8D78-848138096765}.Release|Any CPU.ActiveCfg = Release|Any CPU
		{0F741B28-0C1B-4E53-8D78-848138096765}.Release|Any CPU.Build.0 = Release|Any CPU
		{DD5B882C-EB90-4154-A8DB-A8987426FA05}.Debug|Any CPU.ActiveCfg = Debug|Any CPU
		{DD5B882C-EB90-4154-A8DB-A8987426FA05}.Debug|Any CPU.Build.0 = Debug|Any CPU
		{DD5B882C-EB90-4154-A8DB-A8987426FA05}.Release|Any CPU.ActiveCfg = Release|Any CPU
		{616C35F7-9D88-48A6-AF2C-47250C41CC1F}.Debug|Any CPU.ActiveCfg = Debug|Any CPU
		{616C35F7-9D88-48A6-AF2C-47250C41CC1F}.Debug|Any CPU.Build.0 = Debug|Any CPU
		{616C35F7-9D88-48A6-AF2C-47250C41CC1F}.Release|Any CPU.ActiveCfg = Release|Any CPU
		{616C35F7-9D88-48A6-AF2C-47250C41CC1F}.Release|Any CPU.Build.0 = Release|Any CPU
		{7A43A224-0713-4920-9FDE-5337E1326D16}.Debug|Any CPU.ActiveCfg = Debug|Any CPU
		{7A43A224-0713-4920-9FDE-5337E1326D16}.Debug|Any CPU.Build.0 = Debug|Any CPU
		{7A43A224-0713-4920-9FDE-5337E1326D16}.Release|Any CPU.ActiveCfg = Release|Any CPU
		{7A43A224-0713-4920-9FDE-5337E1326D16}.Release|Any CPU.Build.0 = Release|Any CPU
		{BBBEEA89-6FDC-4882-A0D4-3E583F35680C}.Debug|Any CPU.ActiveCfg = Debug|Any CPU
		{BBBEEA89-6FDC-4882-A0D4-3E583F35680C}.Debug|Any CPU.Build.0 = Debug|Any CPU
		{BBBEEA89-6FDC-4882-A0D4-3E583F35680C}.Release|Any CPU.ActiveCfg = Release|Any CPU
		{BBBEEA89-6FDC-4882-A0D4-3E583F35680C}.Release|Any CPU.Build.0 = Release|Any CPU
		{4849ACB2-750F-4313-B342-C35CD9394044}.Debug|Any CPU.ActiveCfg = Debug|Any CPU
		{4849ACB2-750F-4313-B342-C35CD9394044}.Debug|Any CPU.Build.0 = Debug|Any CPU
		{4849ACB2-750F-4313-B342-C35CD9394044}.Release|Any CPU.ActiveCfg = Release|Any CPU
		{78D3D67B-3035-4227-B12A-3546F00838C4}.Debug|Any CPU.ActiveCfg = Debug|Any CPU
		{78D3D67B-3035-4227-B12A-3546F00838C4}.Debug|Any CPU.Build.0 = Debug|Any CPU
		{78D3D67B-3035-4227-B12A-3546F00838C4}.Release|Any CPU.ActiveCfg = Release|Any CPU
		{2DEC93D2-089E-483B-BE11-91224FAF89EB}.Debug|Any CPU.ActiveCfg = Debug|Any CPU
		{2DEC93D2-089E-483B-BE11-91224FAF89EB}.Debug|Any CPU.Build.0 = Debug|Any CPU
		{2DEC93D2-089E-483B-BE11-91224FAF89EB}.Release|Any CPU.ActiveCfg = Release|Any CPU
		{5F1A167F-37E6-46DB-AF3E-D9A70D212FB6}.Debug|Any CPU.ActiveCfg = Debug|Any CPU
		{5F1A167F-37E6-46DB-AF3E-D9A70D212FB6}.Debug|Any CPU.Build.0 = Debug|Any CPU
		{5F1A167F-37E6-46DB-AF3E-D9A70D212FB6}.Release|Any CPU.ActiveCfg = Release|Any CPU
	EndGlobalSection
	GlobalSection(SolutionProperties) = preSolution
		HideSolutionNode = FALSE
	EndGlobalSection
	GlobalSection(NestedProjects) = preSolution
		{B9E4E74E-B2E7-4325-A01A-B0AC0776A489} = {A2A61B33-94FB-4575-96FC-EEB0CC2C2B48}
		{6CB233AD-ED48-46EA-9325-E92A2A60CC9B} = {B9E4E74E-B2E7-4325-A01A-B0AC0776A489}
		{E91C0F36-13DB-4D7A-A90A-0C1B860CECD7} = {B9E4E74E-B2E7-4325-A01A-B0AC0776A489}
		{6D2C830C-24FA-4181-A9DF-C58AA622F4C9} = {A2A61B33-94FB-4575-96FC-EEB0CC2C2B48}
		{DD5B882C-EB90-4154-A8DB-A8987426FA05} = {6D2C830C-24FA-4181-A9DF-C58AA622F4C9}
		{C6AE198D-EEBA-4321-80AF-1E0B439F2950} = {A2A61B33-94FB-4575-96FC-EEB0CC2C2B48}
		{02CDCB19-1D71-45BA-B6E7-115FC70DD86D} = {A2A61B33-94FB-4575-96FC-EEB0CC2C2B48}
		{32079C56-351E-47E9-987F-AC202840144B} = {A2A61B33-94FB-4575-96FC-EEB0CC2C2B48}
		{7A43A224-0713-4920-9FDE-5337E1326D16} = {AE4F96BD-1B65-4CD4-8B66-687ACAAD2B69}
		{4849ACB2-750F-4313-B342-C35CD9394044} = {32079C56-351E-47E9-987F-AC202840144B}
		{78D3D67B-3035-4227-B12A-3546F00838C4} = {02CDCB19-1D71-45BA-B6E7-115FC70DD86D}
		{2DEC93D2-089E-483B-BE11-91224FAF89EB} = {02CDCB19-1D71-45BA-B6E7-115FC70DD86D}
		{5F1A167F-37E6-46DB-AF3E-D9A70D212FB6} = {C6AE198D-EEBA-4321-80AF-1E0B439F2950}
	EndGlobalSection
	GlobalSection(ExtensibilityGlobals) = postSolution
		EnterpriseLibraryConfigurationToolBinariesPath = packages\Unity.2.1.505.2\lib\NET35
	EndGlobalSection
EndGlobal
